
Microsoft Visual Studio Solution File, Format Version 12.00
# Visual Studio Version 17
VisualStudioVersion = 17.0.31903.59
MinimumVisualStudioVersion = 10.0.40219.1
Project("{FAE04EC0-301F-11D3-BF4B-00C04F79EFBC}") = "Assembler", "Assembler\Assembler.csproj", "{A88F5466-AD32-4E6E-BEA2-1B81C5D327AF}"
EndProject
Project("{FAE04EC0-301F-11D3-BF4B-00C04F79EFBC}") = "Assembler.IntegrationTests", "Assembler.IntegrationTests\Assembler.IntegrationTests.csproj", "{D98D71F1-ECDB-4119-87EA-210C326F512C}"
EndProject
Global
	GlobalSection(SolutionConfigurationPlatforms) = preSolution
		Debug|Any CPU = Debug|Any CPU
		Release|Any CPU = Release|Any CPU
	EndGlobalSection
	GlobalSection(SolutionProperties) = preSolution
		HideSolutionNode = FALSE
	EndGlobalSection
	GlobalSection(ProjectConfigurationPlatforms) = postSolution
		{A88F5466-AD32-4E6E-BEA2-1B81C5D327AF}.Debug|Any CPU.ActiveCfg = Debug|Any CPU
		{A88F5466-AD32-4E6E-BEA2-1B81C5D327AF}.Debug|Any CPU.Build.0 = Debug|Any CPU
		{A88F5466-AD32-4E6E-BEA2-1B81C5D327AF}.Release|Any CPU.ActiveCfg = Release|Any CPU
		{A88F5466-AD32-4E6E-BEA2-1B81C5D327AF}.Release|Any CPU.Build.0 = Release|Any CPU
		{D98D71F1-ECDB-4119-87EA-210C326F512C}.Debug|Any CPU.ActiveCfg = Debug|Any CPU
		{D98D71F1-ECDB-4119-87EA-210C326F512C}.Debug|Any CPU.Build.0 = Debug|Any CPU
		{D98D71F1-ECDB-4119-87EA-210C326F512C}.Release|Any CPU.ActiveCfg = Release|Any CPU
		{D98D71F1-ECDB-4119-87EA-210C326F512C}.Release|Any CPU.Build.0 = Release|Any CPU
	EndGlobalSection
EndGlobal
